
Microsoft Visual Studio Solution File, Format Version 12.00
Project("{FAE04EC0-301F-11D3-BF4B-00C04F79EFBC}") = "WasmLib", "WasmLib\WasmLib.csproj", "{094F246E-B54C-487D-83D5-92C37FB228A4}"
EndProject
Project("{FAE04EC0-301F-11D3-BF4B-00C04F79EFBC}") = "WasmTool", "WasmTool\WasmTool.csproj", "{B872FBF3-816A-4B02-B4FF-0B10055E547A}"
EndProject
Global
	GlobalSection(SolutionConfigurationPlatforms) = preSolution
		Debug|Any CPU = Debug|Any CPU
		Release|Any CPU = Release|Any CPU
	EndGlobalSection
	GlobalSection(ProjectConfigurationPlatforms) = postSolution
		{094F246E-B54C-487D-83D5-92C37FB228A4}.Debug|Any CPU.ActiveCfg = Debug|Any CPU
		{094F246E-B54C-487D-83D5-92C37FB228A4}.Debug|Any CPU.Build.0 = Debug|Any CPU
		{094F246E-B54C-487D-83D5-92C37FB228A4}.Release|Any CPU.ActiveCfg = Release|Any CPU
		{094F246E-B54C-487D-83D5-92C37FB228A4}.Release|Any CPU.Build.0 = Release|Any CPU
		{B872FBF3-816A-4B02-B4FF-0B10055E547A}.Debug|Any CPU.ActiveCfg = Debug|Any CPU
		{B872FBF3-816A-4B02-B4FF-0B10055E547A}.Debug|Any CPU.Build.0 = Debug|Any CPU
		{B872FBF3-816A-4B02-B4FF-0B10055E547A}.Release|Any CPU.ActiveCfg = Release|Any CPU
		{B872FBF3-816A-4B02-B4FF-0B10055E547A}.Release|Any CPU.Build.0 = Release|Any CPU
	EndGlobalSection
EndGlobal
